
Microsoft Visual Studio Solution File, Format Version 12.00
# Visual Studio Version 17
VisualStudioVersion = 17.2.32616.157
MinimumVisualStudioVersion = 10.0.40219.1
Project("{FAE04EC0-301F-11D3-BF4B-00C04F79EFBC}") = "TesteVetor", "TesteVetor\TesteVetor.csproj", "{48F598B5-7E1F-4517-AE07-FB545860B0FD}"
EndProject
Global
	GlobalSection(SolutionConfigurationPlatforms) = preSolution
		Debug|Any CPU = Debug|Any CPU
		Release|Any CPU = Release|Any CPU
	EndGlobalSection
	GlobalSection(ProjectConfigurationPlatforms) = postSolution
		{48F598B5-7E1F-4517-AE07-FB545860B0FD}.Debug|Any CPU.ActiveCfg = Debug|Any CPU
		{48F598B5-7E1F-4517-AE07-FB545860B0FD}.Debug|Any CPU.Build.0 = Debug|Any CPU
		{48F598B5-7E1F-4517-AE07-FB545860B0FD}.Release|Any CPU.ActiveCfg = Release|Any CPU
		{48F598B5-7E1F-4517-AE07-FB545860B0FD}.Release|Any CPU.Build.0 = Release|Any CPU
	EndGlobalSection
	GlobalSection(SolutionProperties) = preSolution
		HideSolutionNode = FALSE
	EndGlobalSection
	GlobalSection(ExtensibilityGlobals) = postSolution
		SolutionGuid = {0F2C72D7-8CB9-4555-9EA1-739A4F64007D}
	EndGlobalSection
EndGlobal
